
Microsoft Visual Studio Solution File, Format Version 12.00
# Visual Studio Version 17
VisualStudioVersion = 17.11.35222.181
MinimumVisualStudioVersion = 10.0.40219.1
Project("{FAE04EC0-301F-11D3-BF4B-00C04F79EFBC}") = "MUESTRA 1 - SEMANA 6", "MUESTRA 1 - SEMANA 6\MUESTRA 1 - SEMANA 6.csproj", "{CFBC80E3-1255-417D-8BF7-87FE93954C87}"
EndProject
Global
	GlobalSection(SolutionConfigurationPlatforms) = preSolution
		Debug|Any CPU = Debug|Any CPU
		Release|Any CPU = Release|Any CPU
	EndGlobalSection
	GlobalSection(ProjectConfigurationPlatforms) = postSolution
		{CFBC80E3-1255-417D-8BF7-87FE93954C87}.Debug|Any CPU.ActiveCfg = Debug|Any CPU
		{CFBC80E3-1255-417D-8BF7-87FE93954C87}.Debug|Any CPU.Build.0 = Debug|Any CPU
		{CFBC80E3-1255-417D-8BF7-87FE93954C87}.Release|Any CPU.ActiveCfg = Release|Any CPU
		{CFBC80E3-1255-417D-8BF7-87FE93954C87}.Release|Any CPU.Build.0 = Release|Any CPU
	EndGlobalSection
	GlobalSection(SolutionProperties) = preSolution
		HideSolutionNode = FALSE
	EndGlobalSection
	GlobalSection(ExtensibilityGlobals) = postSolution
		SolutionGuid = {FC368001-64F6-4275-910A-944B1F77EE21}
	EndGlobalSection
EndGlobal
